
Microsoft Visual Studio Solution File, Format Version 12.00
# Visual Studio Version 16
VisualStudioVersion = 16.0.29609.76
MinimumVisualStudioVersion = 10.0.40219.1
Project("{9A19103F-16F7-4668-BE54-9A1E7A4F7556}") = "MultiThreadConcepts", "ConsoleApp1\MultiThreadConcepts.csproj", "{AA93AB4D-6F2A-423B-94DA-2F9D3CB9171E}"
EndProject
Global
	GlobalSection(SolutionConfigurationPlatforms) = preSolution
		Debug|Any CPU = Debug|Any CPU
		Release|Any CPU = Release|Any CPU
	EndGlobalSection
	GlobalSection(ProjectConfigurationPlatforms) = postSolution
		{AA93AB4D-6F2A-423B-94DA-2F9D3CB9171E}.Debug|Any CPU.ActiveCfg = Debug|Any CPU
		{AA93AB4D-6F2A-423B-94DA-2F9D3CB9171E}.Debug|Any CPU.Build.0 = Debug|Any CPU
		{AA93AB4D-6F2A-423B-94DA-2F9D3CB9171E}.Release|Any CPU.ActiveCfg = Release|Any CPU
		{AA93AB4D-6F2A-423B-94DA-2F9D3CB9171E}.Release|Any CPU.Build.0 = Release|Any CPU
	EndGlobalSection
	GlobalSection(SolutionProperties) = preSolution
		HideSolutionNode = FALSE
	EndGlobalSection
	GlobalSection(ExtensibilityGlobals) = postSolution
		SolutionGuid = {63DB5C2E-1C47-4617-863E-1F84F739115B}
	EndGlobalSection
EndGlobal
